// !$*UTF8*$!
{
	archiveVersion = 1;
	classes = {
	};
	objectVersion = 46;
	objects = {

/* Begin PBXBuildFile section */
		2408E366A607C8A4E744DFD8 /* Assets.xcassets in Resources */ = {isa = PBXBuildFile; fileRef = 2408E3563DDE61802B6AA3CA /* Assets.xcassets */; };
		2408E58AD564CD1280F899FC /* Main.storyboard in Resources */ = {isa = PBXBuildFile; fileRef = 2408E1163D13B5D0A9FC7241 /* Main.storyboard */; };
		2408E8120270FF956C367538 /* CircledButton.m in Sources */ = {isa = PBXBuildFile; fileRef = 2408E61A935EFF52AB21B8F5 /* CircledButton.m */; };
		2408E9ECAB9886F78864242D /* LaunchScreen.storyboard in Resources */ = {isa = PBXBuildFile; fileRef = 2408EA5DE4C4F5D15CC98F15 /* LaunchScreen.storyboard */; };
		2408EE80102C05EA89522453 /* MainMenuViewController.m in Sources */ = {isa = PBXBuildFile; fileRef = 2408E2C5B3A11199B022B1AF /* MainMenuViewController.m */; };
		86E71F2C1BBFA53E00E756D5 /* main.m in Sources */ = {isa = PBXBuildFile; fileRef = 86E71F2B1BBFA53E00E756D5 /* main.m */; };
		86E71F2F1BBFA53E00E756D5 /* AppDelegate.m in Sources */ = {isa = PBXBuildFile; fileRef = 86E71F2E1BBFA53E00E756D5 /* AppDelegate.m */; };
		86E71F451BBFA53F00E756D5 /* CalorizatorTests.m in Sources */ = {isa = PBXBuildFile; fileRef = 86E71F441BBFA53F00E756D5 /* CalorizatorTests.m */; };
		86E71F501BBFA53F00E756D5 /* CalorizatorUITests.m in Sources */ = {isa = PBXBuildFile; fileRef = 86E71F4F1BBFA53F00E756D5 /* CalorizatorUITests.m */; };
		86E71F5E1BBFAAC800E756D5 /* CircledButton.xib in Resources */ = {isa = PBXBuildFile; fileRef = 86E71F5D1BBFAAC800E756D5 /* CircledButton.xib */; settings = {ASSET_TAGS = (); }; };
		86E71F611BBFC03900E756D5 /* CircledControl.m in Sources */ = {isa = PBXBuildFile; fileRef = 86E71F601BBFC03900E756D5 /* CircledControl.m */; settings = {ASSET_TAGS = (); }; };
/* End PBXBuildFile section */

/* Begin PBXContainerItemProxy section */
		86E71F411BBFA53F00E756D5 /* PBXContainerItemProxy */ = {
			isa = PBXContainerItemProxy;
			containerPortal = 86E71F1F1BBFA53E00E756D5 /* Project object */;
			proxyType = 1;
			remoteGlobalIDString = 86E71F261BBFA53E00E756D5;
			remoteInfo = Calorizator;
		};
		86E71F4C1BBFA53F00E756D5 /* PBXContainerItemProxy */ = {
			isa = PBXContainerItemProxy;
			containerPortal = 86E71F1F1BBFA53E00E756D5 /* Project object */;
			proxyType = 1;
			remoteGlobalIDString = 86E71F261BBFA53E00E756D5;
			remoteInfo = Calorizator;
		};
/* End PBXContainerItemProxy section */

/* Begin PBXFileReference section */
		2408E2C5B3A11199B022B1AF /* MainMenuViewController.m */ = {isa = PBXFileReference; fileEncoding = 4; lastKnownFileType = sourcecode.c.objc; path = MainMenuViewController.m; sourceTree = "<group>"; };
		2408E3563DDE61802B6AA3CA /* Assets.xcassets */ = {isa = PBXFileReference; lastKnownFileType = folder.assetcatalog; path = Assets.xcassets; sourceTree = "<group>"; };
		2408E444167985FA1CB3342F /* CircledButton.h */ = {isa = PBXFileReference; fileEncoding = 4; lastKnownFileType = sourcecode.c.h; path = CircledButton.h; sourceTree = "<group>"; };
		2408E61A935EFF52AB21B8F5 /* CircledButton.m */ = {isa = PBXFileReference; fileEncoding = 4; lastKnownFileType = sourcecode.c.objc; path = CircledButton.m; sourceTree = "<group>"; };
		2408E6DBA8D0712927821585 /* Base */ = {isa = PBXFileReference; lastKnownFileType = file.storyboard; name = Base; path = Base.lproj/LaunchScreen.storyboard; sourceTree = "<group>"; };
		2408EA6417C53E13125CC231 /* Base */ = {isa = PBXFileReference; lastKnownFileType = file.storyboard; name = Base; path = Base.lproj/Main.storyboard; sourceTree = "<group>"; };
		2408EB3B9FED0B581B094E20 /* MainMenuViewController.h */ = {isa = PBXFileReference; fileEncoding = 4; lastKnownFileType = sourcecode.c.h; path = MainMenuViewController.h; sourceTree = "<group>"; };
		86E71F271BBFA53E00E756D5 /* Calorizator.app */ = {isa = PBXFileReference; explicitFileType = wrapper.application; includeInIndex = 0; path = Calorizator.app; sourceTree = BUILT_PRODUCTS_DIR; };
		86E71F2B1BBFA53E00E756D5 /* main.m */ = {isa = PBXFileReference; lastKnownFileType = sourcecode.c.objc; path = main.m; sourceTree = "<group>"; };
		86E71F2D1BBFA53E00E756D5 /* AppDelegate.h */ = {isa = PBXFileReference; lastKnownFileType = sourcecode.c.h; path = AppDelegate.h; sourceTree = "<group>"; };
		86E71F2E1BBFA53E00E756D5 /* AppDelegate.m */ = {isa = PBXFileReference; lastKnownFileType = sourcecode.c.objc; path = AppDelegate.m; sourceTree = "<group>"; };
		86E71F3B1BBFA53F00E756D5 /* Info.plist */ = {isa = PBXFileReference; lastKnownFileType = text.plist.xml; path = Info.plist; sourceTree = "<group>"; };
		86E71F401BBFA53F00E756D5 /* CalorizatorTests.xctest */ = {isa = PBXFileReference; explicitFileType = wrapper.cfbundle; includeInIndex = 0; path = CalorizatorTests.xctest; sourceTree = BUILT_PRODUCTS_DIR; };
		86E71F441BBFA53F00E756D5 /* CalorizatorTests.m */ = {isa = PBXFileReference; lastKnownFileType = sourcecode.c.objc; path = CalorizatorTests.m; sourceTree = "<group>"; };
		86E71F461BBFA53F00E756D5 /* Info.plist */ = {isa = PBXFileReference; lastKnownFileType = text.plist.xml; path = Info.plist; sourceTree = "<group>"; };
		86E71F4B1BBFA53F00E756D5 /* CalorizatorUITests.xctest */ = {isa = PBXFileReference; explicitFileType = wrapper.cfbundle; includeInIndex = 0; path = CalorizatorUITests.xctest; sourceTree = BUILT_PRODUCTS_DIR; };
		86E71F4F1BBFA53F00E756D5 /* CalorizatorUITests.m */ = {isa = PBXFileReference; lastKnownFileType = sourcecode.c.objc; path = CalorizatorUITests.m; sourceTree = "<group>"; };
		86E71F511BBFA53F00E756D5 /* Info.plist */ = {isa = PBXFileReference; lastKnownFileType = text.plist.xml; path = Info.plist; sourceTree = "<group>"; };
		86E71F5D1BBFAAC800E756D5 /* CircledButton.xib */ = {isa = PBXFileReference; fileEncoding = 4; lastKnownFileType = file.xib; path = CircledButton.xib; sourceTree = "<group>"; };
		86E71F5F1BBFC03900E756D5 /* CircledControl.h */ = {isa = PBXFileReference; fileEncoding = 4; lastKnownFileType = sourcecode.c.h; path = CircledControl.h; sourceTree = "<group>"; };
		86E71F601BBFC03900E756D5 /* CircledControl.m */ = {isa = PBXFileReference; fileEncoding = 4; lastKnownFileType = sourcecode.c.objc; path = CircledControl.m; sourceTree = "<group>"; };
/* End PBXFileReference section */

/* Begin PBXFrameworksBuildPhase section */
		86E71F241BBFA53E00E756D5 /* Frameworks */ = {
			isa = PBXFrameworksBuildPhase;
			buildActionMask = 2147483647;
			files = (
			);
			runOnlyForDeploymentPostprocessing = 0;
		};
		86E71F3D1BBFA53F00E756D5 /* Frameworks */ = {
			isa = PBXFrameworksBuildPhase;
			buildActionMask = 2147483647;
			files = (
			);
			runOnlyForDeploymentPostprocessing = 0;
		};
		86E71F481BBFA53F00E756D5 /* Frameworks */ = {
			isa = PBXFrameworksBuildPhase;
			buildActionMask = 2147483647;
			files = (
			);
			runOnlyForDeploymentPostprocessing = 0;
		};
/* End PBXFrameworksBuildPhase section */

/* Begin PBXGroup section */
		2408E1483107B89E062A76FF /* utils */ = {
			isa = PBXGroup;
			children = (
			);
			path = utils;
			sourceTree = "<group>";
		};
		2408E208003F2959347D568A /* models */ = {
			isa = PBXGroup;
			children = (
			);
			path = models;
			sourceTree = "<group>";
		};
		2408E3ECA7E50D74C0FD3479 /* controllers */ = {
			isa = PBXGroup;
			children = (
				2408EB3B9FED0B581B094E20 /* MainMenuViewController.h */,
				2408E2C5B3A11199B022B1AF /* MainMenuViewController.m */,
			);
			path = controllers;
			sourceTree = "<group>";
		};
		2408E59B6D19C95D4E88E8DE /* ui */ = {
			isa = PBXGroup;
			children = (
				2408EA5DE4C4F5D15CC98F15 /* LaunchScreen.storyboard */,
				2408E1163D13B5D0A9FC7241 /* Main.storyboard */,
				2408E3563DDE61802B6AA3CA /* Assets.xcassets */,
			);
			name = ui;
			sourceTree = "<group>";
		};
		2408E772FAE5A0096D351B5C /* views */ = {
			isa = PBXGroup;
			children = (
				2408E444167985FA1CB3342F /* CircledButton.h */,
				2408E61A935EFF52AB21B8F5 /* CircledButton.m */,
				86E71F5D1BBFAAC800E756D5 /* CircledButton.xib */,
				86E71F5F1BBFC03900E756D5 /* CircledControl.h */,
				86E71F601BBFC03900E756D5 /* CircledControl.m */,
			);
			path = views;
			sourceTree = "<group>";
		};
		2408EC5B994E4F71A4388379 /* services */ = {
			isa = PBXGroup;
			children = (
			);
			path = services;
			sourceTree = "<group>";
		};
		86E71F1E1BBFA53E00E756D5 = {
			isa = PBXGroup;
			children = (
				86E71F291BBFA53E00E756D5 /* Calorizator */,
				86E71F431BBFA53F00E756D5 /* CalorizatorTests */,
				86E71F4E1BBFA53F00E756D5 /* CalorizatorUITests */,
				86E71F281BBFA53E00E756D5 /* Products */,
			);
			sourceTree = "<group>";
		};
		86E71F281BBFA53E00E756D5 /* Products */ = {
			isa = PBXGroup;
			children = (
				86E71F271BBFA53E00E756D5 /* Calorizator.app */,
				86E71F401BBFA53F00E756D5 /* CalorizatorTests.xctest */,
				86E71F4B1BBFA53F00E756D5 /* CalorizatorUITests.xctest */,
			);
			name = Products;
			sourceTree = "<group>";
		};
		86E71F291BBFA53E00E756D5 /* Calorizator */ = {
			isa = PBXGroup;
			children = (
				86E71F2D1BBFA53E00E756D5 /* AppDelegate.h */,
				86E71F2E1BBFA53E00E756D5 /* AppDelegate.m */,
				86E71F3B1BBFA53F00E756D5 /* Info.plist */,
				86E71F2A1BBFA53E00E756D5 /* Supporting Files */,
				2408E3ECA7E50D74C0FD3479 /* controllers */,
				2408E59B6D19C95D4E88E8DE /* ui */,
				2408E208003F2959347D568A /* models */,
				2408E772FAE5A0096D351B5C /* views */,
				2408E1483107B89E062A76FF /* utils */,
				2408EC5B994E4F71A4388379 /* services */,
			);
			path = Calorizator;
			sourceTree = "<group>";
		};
		86E71F2A1BBFA53E00E756D5 /* Supporting Files */ = {
			isa = PBXGroup;
			children = (
				86E71F2B1BBFA53E00E756D5 /* main.m */,
			);
			name = "Supporting Files";
			sourceTree = "<group>";
		};
		86E71F431BBFA53F00E756D5 /* CalorizatorTests */ = {
			isa = PBXGroup;
			children = (
				86E71F441BBFA53F00E756D5 /* CalorizatorTests.m */,
				86E71F461BBFA53F00E756D5 /* Info.plist */,
			);
			path = CalorizatorTests;
			sourceTree = "<group>";
		};
		86E71F4E1BBFA53F00E756D5 /* CalorizatorUITests */ = {
			isa = PBXGroup;
			children = (
				86E71F4F1BBFA53F00E756D5 /* CalorizatorUITests.m */,
				86E71F511BBFA53F00E756D5 /* Info.plist */,
			);
			path = CalorizatorUITests;
			sourceTree = "<group>";
		};
/* End PBXGroup section */

/* Begin PBXNativeTarget section */
		86E71F261BBFA53E00E756D5 /* Calorizator */ = {
			isa = PBXNativeTarget;
			buildConfigurationList = 86E71F541BBFA53F00E756D5 /* Build configuration list for PBXNativeTarget "Calorizator" */;
			buildPhases = (
				86E71F231BBFA53E00E756D5 /* Sources */,
				86E71F241BBFA53E00E756D5 /* Frameworks */,
				86E71F251BBFA53E00E756D5 /* Resources */,
			);
			buildRules = (
			);
			dependencies = (
			);
			name = Calorizator;
			productName = Calorizator;
			productReference = 86E71F271BBFA53E00E756D5 /* Calorizator.app */;
			productType = "com.apple.product-type.application";
		};
		86E71F3F1BBFA53F00E756D5 /* CalorizatorTests */ = {
			isa = PBXNativeTarget;
			buildConfigurationList = 86E71F571BBFA53F00E756D5 /* Build configuration list for PBXNativeTarget "CalorizatorTests" */;
			buildPhases = (
				86E71F3C1BBFA53F00E756D5 /* Sources */,
				86E71F3D1BBFA53F00E756D5 /* Frameworks */,
				86E71F3E1BBFA53F00E756D5 /* Resources */,
			);
			buildRules = (
			);
			dependencies = (
				86E71F421BBFA53F00E756D5 /* PBXTargetDependency */,
			);
			name = CalorizatorTests;
			productName = CalorizatorTests;
			productReference = 86E71F401BBFA53F00E756D5 /* CalorizatorTests.xctest */;
			productType = "com.apple.product-type.bundle.unit-test";
		};
		86E71F4A1BBFA53F00E756D5 /* CalorizatorUITests */ = {
			isa = PBXNativeTarget;
			buildConfigurationList = 86E71F5A1BBFA53F00E756D5 /* Build configuration list for PBXNativeTarget "CalorizatorUITests" */;
			buildPhases = (
				86E71F471BBFA53F00E756D5 /* Sources */,
				86E71F481BBFA53F00E756D5 /* Frameworks */,
				86E71F491BBFA53F00E756D5 /* Resources */,
			);
			buildRules = (
			);
			dependencies = (
				86E71F4D1BBFA53F00E756D5 /* PBXTargetDependency */,
			);
			name = CalorizatorUITests;
			productName = CalorizatorUITests;
			productReference = 86E71F4B1BBFA53F00E756D5 /* CalorizatorUITests.xctest */;
			productType = "com.apple.product-type.bundle.ui-testing";
		};
/* End PBXNativeTarget section */

/* Begin PBXProject section */
		86E71F1F1BBFA53E00E756D5 /* Project object */ = {
			isa = PBXProject;
			attributes = {
				LastUpgradeCheck = 0700;
				ORGANIZATIONNAME = "Waverley Software";
				TargetAttributes = {
					86E71F261BBFA53E00E756D5 = {
						CreatedOnToolsVersion = 7.0;
					};
					86E71F3F1BBFA53F00E756D5 = {
						CreatedOnToolsVersion = 7.0;
						TestTargetID = 86E71F261BBFA53E00E756D5;
					};
					86E71F4A1BBFA53F00E756D5 = {
						CreatedOnToolsVersion = 7.0;
						TestTargetID = 86E71F261BBFA53E00E756D5;
					};
				};
			};
			buildConfigurationList = 86E71F221BBFA53E00E756D5 /* Build configuration list for PBXProject "Calorizator" */;
			compatibilityVersion = "Xcode 3.2";
			developmentRegion = English;
			hasScannedForEncodings = 0;
			knownRegions = (
				en,
				Base,
			);
			mainGroup = 86E71F1E1BBFA53E00E756D5;
			productRefGroup = 86E71F281BBFA53E00E756D5 /* Products */;
			projectDirPath = "";
			projectRoot = "";
			targets = (
				86E71F261BBFA53E00E756D5 /* Calorizator */,
				86E71F3F1BBFA53F00E756D5 /* CalorizatorTests */,
				86E71F4A1BBFA53F00E756D5 /* CalorizatorUITests */,
			);
		};
/* End PBXProject section */

/* Begin PBXResourcesBuildPhase section */
		86E71F251BBFA53E00E756D5 /* Resources */ = {
			isa = PBXResourcesBuildPhase;
			buildActionMask = 2147483647;
			files = (
				86E71F5E1BBFAAC800E756D5 /* CircledButton.xib in Resources */,
				2408E9ECAB9886F78864242D /* LaunchScreen.storyboard in Resources */,
				2408E58AD564CD1280F899FC /* Main.storyboard in Resources */,
				2408E366A607C8A4E744DFD8 /* Assets.xcassets in Resources */,
			);
			runOnlyForDeploymentPostprocessing = 0;
		};
		86E71F3E1BBFA53F00E756D5 /* Resources */ = {
			isa = PBXResourcesBuildPhase;
			buildActionMask = 2147483647;
			files = (
			);
			runOnlyForDeploymentPostprocessing = 0;
		};
		86E71F491BBFA53F00E756D5 /* Resources */ = {
			isa = PBXResourcesBuildPhase;
			buildActionMask = 2147483647;
			files = (
			);
			runOnlyForDeploymentPostprocessing = 0;
		};
/* End PBXResourcesBuildPhase section */

/* Begin PBXSourcesBuildPhase section */
		86E71F231BBFA53E00E756D5 /* Sources */ = {
			isa = PBXSourcesBuildPhase;
			buildActionMask = 2147483647;
			files = (
				86E71F2F1BBFA53E00E756D5 /* AppDelegate.m in Sources */,
				86E71F2C1BBFA53E00E756D5 /* main.m in Sources */,
				86E71F611BBFC03900E756D5 /* CircledControl.m in Sources */,
				2408EE80102C05EA89522453 /* MainMenuViewController.m in Sources */,
				2408E8120270FF956C367538 /* CircledButton.m in Sources */,
			);
			runOnlyForDeploymentPostprocessing = 0;
		};
		86E71F3C1BBFA53F00E756D5 /* Sources */ = {
			isa = PBXSourcesBuildPhase;
			buildActionMask = 2147483647;
			files = (
				86E71F451BBFA53F00E756D5 /* CalorizatorTests.m in Sources */,
			);
			runOnlyForDeploymentPostprocessing = 0;
		};
		86E71F471BBFA53F00E756D5 /* Sources */ = {
			isa = PBXSourcesBuildPhase;
			buildActionMask = 2147483647;
			files = (
				86E71F501BBFA53F00E756D5 /* CalorizatorUITests.m in Sources */,
			);
			runOnlyForDeploymentPostprocessing = 0;
		};
/* End PBXSourcesBuildPhase section */

/* Begin PBXTargetDependency section */
		86E71F421BBFA53F00E756D5 /* PBXTargetDependency */ = {
			isa = PBXTargetDependency;
			target = 86E71F261BBFA53E00E756D5 /* Calorizator */;
			targetProxy = 86E71F411BBFA53F00E756D5 /* PBXContainerItemProxy */;
		};
		86E71F4D1BBFA53F00E756D5 /* PBXTargetDependency */ = {
			isa = PBXTargetDependency;
			target = 86E71F261BBFA53E00E756D5 /* Calorizator */;
			targetProxy = 86E71F4C1BBFA53F00E756D5 /* PBXContainerItemProxy */;
		};
/* End PBXTargetDependency section */

/* Begin PBXVariantGroup section */
		2408E1163D13B5D0A9FC7241 /* Main.storyboard */ = {
			isa = PBXVariantGroup;
			children = (
				2408EA6417C53E13125CC231 /* Base */,
			);
			name = Main.storyboard;
			sourceTree = "<group>";
		};
		2408EA5DE4C4F5D15CC98F15 /* LaunchScreen.storyboard */ = {
			isa = PBXVariantGroup;
			children = (
				2408E6DBA8D0712927821585 /* Base */,
			);
			name = LaunchScreen.storyboard;
			sourceTree = "<group>";
		};
/* End PBXVariantGroup section */

/* Begin XCBuildConfiguration section */
		86E71F521BBFA53F00E756D5 /* Debug */ = {
			isa = XCBuildConfiguration;
			buildSettings = {
				ALWAYS_SEARCH_USER_PATHS = NO;
				CLANG_CXX_LANGUAGE_STANDARD = "gnu++0x";
				CLANG_CXX_LIBRARY = "libc++";
				CLANG_ENABLE_MODULES = YES;
				CLANG_ENABLE_OBJC_ARC = YES;
				CLANG_WARN_BOOL_CONVERSION = YES;
				CLANG_WARN_CONSTANT_CONVERSION = YES;
				CLANG_WARN_DIRECT_OBJC_ISA_USAGE = YES_ERROR;
				CLANG_WARN_EMPTY_BODY = YES;
				CLANG_WARN_ENUM_CONVERSION = YES;
				CLANG_WARN_INT_CONVERSION = YES;
				CLANG_WARN_OBJC_ROOT_CLASS = YES_ERROR;
				CLANG_WARN_UNREACHABLE_CODE = YES;
				CLANG_WARN__DUPLICATE_METHOD_MATCH = YES;
				"CODE_SIGN_IDENTITY[sdk=iphoneos*]" = "iPhone Developer";
				COPY_PHASE_STRIP = NO;
				DEBUG_INFORMATION_FORMAT = dwarf;
				ENABLE_STRICT_OBJC_MSGSEND = YES;
				ENABLE_TESTABILITY = YES;
				GCC_C_LANGUAGE_STANDARD = gnu99;
				GCC_DYNAMIC_NO_PIC = NO;
				GCC_NO_COMMON_BLOCKS = YES;
				GCC_OPTIMIZATION_LEVEL = 0;
				GCC_PREPROCESSOR_DEFINITIONS = (
					"DEBUG=1",
					"$(inherited)",
				);
				GCC_WARN_64_TO_32_BIT_CONVERSION = YES;
				GCC_WARN_ABOUT_RETURN_TYPE = YES_ERROR;
				GCC_WARN_UNDECLARED_SELECTOR = YES;
				GCC_WARN_UNINITIALIZED_AUTOS = YES_AGGRESSIVE;
				GCC_WARN_UNUSED_FUNCTION = YES;
				GCC_WARN_UNUSED_VARIABLE = YES;
				IPHONEOS_DEPLOYMENT_TARGET = 9.0;
				MTL_ENABLE_DEBUG_INFO = YES;
				ONLY_ACTIVE_ARCH = YES;
				SDKROOT = iphoneos;
			};
			name = Debug;
		};
		86E71F531BBFA53F00E756D5 /* Release */ = {
			isa = XCBuildConfiguration;
			buildSettings = {
				ALWAYS_SEARCH_USER_PATHS = NO;
				CLANG_CXX_LANGUAGE_STANDARD = "gnu++0x";
				CLANG_CXX_LIBRARY = "libc++";
				CLANG_ENABLE_MODULES = YES;
				CLANG_ENABLE_OBJC_ARC = YES;
				CLANG_WARN_BOOL_CONVERSION = YES;
				CLANG_WARN_CONSTANT_CONVERSION = YES;
				CLANG_WARN_DIRECT_OBJC_ISA_USAGE = YES_ERROR;
				CLANG_WARN_EMPTY_BODY = YES;
				CLANG_WARN_ENUM_CONVERSION = YES;
				CLANG_WARN_INT_CONVERSION = YES;
				CLANG_WARN_OBJC_ROOT_CLASS = YES_ERROR;
				CLANG_WARN_UNREACHABLE_CODE = YES;
				CLANG_WARN__DUPLICATE_METHOD_MATCH = YES;
				"CODE_SIGN_IDENTITY[sdk=iphoneos*]" = "iPhone Developer";
				COPY_PHASE_STRIP = NO;
				DEBUG_INFORMATION_FORMAT = "dwarf-with-dsym";
				ENABLE_NS_ASSERTIONS = NO;
				ENABLE_STRICT_OBJC_MSGSEND = YES;
				GCC_C_LANGUAGE_STANDARD = gnu99;
				GCC_NO_COMMON_BLOCKS = YES;
				GCC_WARN_64_TO_32_BIT_CONVERSION = YES;
				GCC_WARN_ABOUT_RETURN_TYPE = YES_ERROR;
				GCC_WARN_UNDECLARED_SELECTOR = YES;
				GCC_WARN_UNINITIALIZED_AUTOS = YES_AGGRESSIVE;
				GCC_WARN_UNUSED_FUNCTION = YES;
				GCC_WARN_UNUSED_VARIABLE = YES;
				IPHONEOS_DEPLOYMENT_TARGET = 9.0;
				MTL_ENABLE_DEBUG_INFO = NO;
				SDKROOT = iphoneos;
				VALIDATE_PRODUCT = YES;
			};
			name = Release;
		};
		86E71F551BBFA53F00E756D5 /* Debug */ = {
			isa = XCBuildConfiguration;
			buildSettings = {
				ASSETCATALOG_COMPILER_APPICON_NAME = AppIcon;
				INFOPLIST_FILE = Calorizator/Info.plist;
				LD_RUNPATH_SEARCH_PATHS = "$(inherited) @executable_path/Frameworks";
				PRODUCT_BUNDLE_IDENTIFIER = com.waverley.Calorizator;
				PRODUCT_NAME = "$(TARGET_NAME)";
			};
			name = Debug;
		};
		86E71F561BBFA53F00E756D5 /* Release */ = {
			isa = XCBuildConfiguration;
			buildSettings = {
				ASSETCATALOG_COMPILER_APPICON_NAME = AppIcon;
				INFOPLIST_FILE = Calorizator/Info.plist;
				LD_RUNPATH_SEARCH_PATHS = "$(inherited) @executable_path/Frameworks";
				PRODUCT_BUNDLE_IDENTIFIER = com.waverley.Calorizator;
				PRODUCT_NAME = "$(TARGET_NAME)";
			};
			name = Release;
		};
		86E71F581BBFA53F00E756D5 /* Debug */ = {
			isa = XCBuildConfiguration;
			buildSettings = {
				BUNDLE_LOADER = "$(TEST_HOST)";
				INFOPLIST_FILE = CalorizatorTests/Info.plist;
				LD_RUNPATH_SEARCH_PATHS = "$(inherited) @executable_path/Frameworks @loader_path/Frameworks";
				PRODUCT_BUNDLE_IDENTIFIER = com.waverley.CalorizatorTests;
				PRODUCT_NAME = "$(TARGET_NAME)";
				TEST_HOST = "$(BUILT_PRODUCTS_DIR)/Calorizator.app/Calorizator";
			};
			name = Debug;
		};
		86E71F591BBFA53F00E756D5 /* Release */ = {
			isa = XCBuildConfiguration;
			buildSettings = {
				BUNDLE_LOADER = "$(TEST_HOST)";
				INFOPLIST_FILE = CalorizatorTests/Info.plist;
				LD_RUNPATH_SEARCH_PATHS = "$(inherited) @executable_path/Frameworks @loader_path/Frameworks";
				PRODUCT_BUNDLE_IDENTIFIER = com.waverley.CalorizatorTests;
				PRODUCT_NAME = "$(TARGET_NAME)";
				TEST_HOST = "$(BUILT_PRODUCTS_DIR)/Calorizator.app/Calorizator";
			};
			name = Release;
		};
		86E71F5B1BBFA53F00E756D5 /* Debug */ = {
			isa = XCBuildConfiguration;
			buildSettings = {
				INFOPLIST_FILE = CalorizatorUITests/Info.plist;
				LD_RUNPATH_SEARCH_PATHS = "$(inherited) @executable_path/Frameworks @loader_path/Frameworks";
				PRODUCT_BUNDLE_IDENTIFIER = com.waverley.CalorizatorUITests;
				PRODUCT_NAME = "$(TARGET_NAME)";
				TEST_TARGET_NAME = Calorizator;
				USES_XCTRUNNER = YES;
			};
			name = Debug;
		};
		86E71F5C1BBFA53F00E756D5 /* Release */ = {
			isa = XCBuildConfiguration;
			buildSettings = {
				INFOPLIST_FILE = CalorizatorUITests/Info.plist;
				LD_RUNPATH_SEARCH_PATHS = "$(inherited) @executable_path/Frameworks @loader_path/Frameworks";
				PRODUCT_BUNDLE_IDENTIFIER = com.waverley.CalorizatorUITests;
				PRODUCT_NAME = "$(TARGET_NAME)";
				TEST_TARGET_NAME = Calorizator;
				USES_XCTRUNNER = YES;
			};
			name = Release;
		};
/* End XCBuildConfiguration section */

/* Begin XCConfigurationList section */
		86E71F221BBFA53E00E756D5 /* Build configuration list for PBXProject "Calorizator" */ = {
			isa = XCConfigurationList;
			buildConfigurations = (
				86E71F521BBFA53F00E756D5 /* Debug */,
				86E71F531BBFA53F00E756D5 /* Release */,
			);
			defaultConfigurationIsVisible = 0;
			defaultConfigurationName = Release;
		};
		86E71F541BBFA53F00E756D5 /* Build configuration list for PBXNativeTarget "Calorizator" */ = {
			isa = XCConfigurationList;
			buildConfigurations = (
				86E71F551BBFA53F00E756D5 /* Debug */,
				86E71F561BBFA53F00E756D5 /* Release */,
			);
			defaultConfigurationIsVisible = 0;
			defaultConfigurationName = Release;
		};
		86E71F571BBFA53F00E756D5 /* Build configuration list for PBXNativeTarget "CalorizatorTests" */ = {
			isa = XCConfigurationList;
			buildConfigurations = (
				86E71F581BBFA53F00E756D5 /* Debug */,
				86E71F591BBFA53F00E756D5 /* Release */,
			);
			defaultConfigurationIsVisible = 0;
			defaultConfigurationName = Release;
		};
		86E71F5A1BBFA53F00E756D5 /* Build configuration list for PBXNativeTarget "CalorizatorUITests" */ = {
			isa = XCConfigurationList;
			buildConfigurations = (
				86E71F5B1BBFA53F00E756D5 /* Debug */,
				86E71F5C1BBFA53F00E756D5 /* Release */,
			);
			defaultConfigurationIsVisible = 0;
			defaultConfigurationName = Release;
		};
/* End XCConfigurationList section */
	};
	rootObject = 86E71F1F1BBFA53E00E756D5 /* Project object */;
}
